
Microsoft Visual Studio Solution File, Format Version 12.00
# Visual Studio Version 17
VisualStudioVersion = 17.14.36811.4 d17.14
MinimumVisualStudioVersion = 10.0.40219.1
Project("{FAE04EC0-301F-11D3-BF4B-00C04F79EFBC}") = "sinergyit.Entities", "sinergyit.Entities\sinergyit.Entities.csproj", "{F05B0357-4D09-4A90-9D1A-1CCF25CD7C3B}"
EndProject
Project("{FAE04EC0-301F-11D3-BF4B-00C04F79EFBC}") = "sinergyit.Context", "sinergyit.DbContext\sinergyit.Context.csproj", "{50F764B2-7F1A-4941-97CE-215B4D464BD9}"
EndProject
Project("{FAE04EC0-301F-11D3-BF4B-00C04F79EFBC}") = "sinergyit.Repos", "sinergyit.Repos\sinergyit.Repos.csproj", "{3FE3A272-C1D4-4F8E-9DCA-76DBC868E6E9}"
EndProject
Project("{FAE04EC0-301F-11D3-BF4B-00C04F79EFBC}") = "sinergyit.DTOS", "sinergyit.DTOS\sinergyit.DTOS.csproj", "{C2372591-C4A6-4708-BE31-A4EEA36E82B6}"
EndProject
Project("{FAE04EC0-301F-11D3-BF4B-00C04F79EFBC}") = "sinergyit.ConsoleApp", "sinergyit.ConsoleApp\sinergyit.ConsoleApp.csproj", "{EE6A602A-9D21-4A57-9B67-D73E01FD5F48}"
EndProject
Project("{FAE04EC0-301F-11D3-BF4B-00C04F79EFBC}") = "sinergyit.Services", "sinergyit.Services\sinergyit.Services.csproj", "{5F8DAB5C-8622-45FA-8FE5-7A0087210A1C}"
EndProject
Project("{FAE04EC0-301F-11D3-BF4B-00C04F79EFBC}") = "sinergyit.xunit", "sinergyit.xunit\sinergyit.xunit.csproj", "{2A6A3B77-F4FC-46F1-B6E7-461BBCB993A1}"
EndProject
Global
	GlobalSection(SolutionConfigurationPlatforms) = preSolution
		Debug|Any CPU = Debug|Any CPU
		Release|Any CPU = Release|Any CPU
	EndGlobalSection
	GlobalSection(ProjectConfigurationPlatforms) = postSolution
		{F05B0357-4D09-4A90-9D1A-1CCF25CD7C3B}.Debug|Any CPU.ActiveCfg = Debug|Any CPU
		{F05B0357-4D09-4A90-9D1A-1CCF25CD7C3B}.Debug|Any CPU.Build.0 = Debug|Any CPU
		{F05B0357-4D09-4A90-9D1A-1CCF25CD7C3B}.Release|Any CPU.ActiveCfg = Release|Any CPU
		{F05B0357-4D09-4A90-9D1A-1CCF25CD7C3B}.Release|Any CPU.Build.0 = Release|Any CPU
		{50F764B2-7F1A-4941-97CE-215B4D464BD9}.Debug|Any CPU.ActiveCfg = Debug|Any CPU
		{50F764B2-7F1A-4941-97CE-215B4D464BD9}.Debug|Any CPU.Build.0 = Debug|Any CPU
		{50F764B2-7F1A-4941-97CE-215B4D464BD9}.Release|Any CPU.ActiveCfg = Release|Any CPU
		{50F764B2-7F1A-4941-97CE-215B4D464BD9}.Release|Any CPU.Build.0 = Release|Any CPU
		{3FE3A272-C1D4-4F8E-9DCA-76DBC868E6E9}.Debug|Any CPU.ActiveCfg = Debug|Any CPU
		{3FE3A272-C1D4-4F8E-9DCA-76DBC868E6E9}.Debug|Any CPU.Build.0 = Debug|Any CPU
		{3FE3A272-C1D4-4F8E-9DCA-76DBC868E6E9}.Release|Any CPU.ActiveCfg = Release|Any CPU
		{3FE3A272-C1D4-4F8E-9DCA-76DBC868E6E9}.Release|Any CPU.Build.0 = Release|Any CPU
		{C2372591-C4A6-4708-BE31-A4EEA36E82B6}.Debug|Any CPU.ActiveCfg = Debug|Any CPU
		{C2372591-C4A6-4708-BE31-A4EEA36E82B6}.Debug|Any CPU.Build.0 = Debug|Any CPU
		{C2372591-C4A6-4708-BE31-A4EEA36E82B6}.Release|Any CPU.ActiveCfg = Release|Any CPU
		{C2372591-C4A6-4708-BE31-A4EEA36E82B6}.Release|Any CPU.Build.0 = Release|Any CPU
		{EE6A602A-9D21-4A57-9B67-D73E01FD5F48}.Debug|Any CPU.ActiveCfg = Debug|Any CPU
		{EE6A602A-9D21-4A57-9B67-D73E01FD5F48}.Debug|Any CPU.Build.0 = Debug|Any CPU
		{EE6A602A-9D21-4A57-9B67-D73E01FD5F48}.Release|Any CPU.ActiveCfg = Release|Any CPU
		{EE6A602A-9D21-4A57-9B67-D73E01FD5F48}.Release|Any CPU.Build.0 = Release|Any CPU
		{5F8DAB5C-8622-45FA-8FE5-7A0087210A1C}.Debug|Any CPU.ActiveCfg = Debug|Any CPU
		{5F8DAB5C-8622-45FA-8FE5-7A0087210A1C}.Debug|Any CPU.Build.0 = Debug|Any CPU
		{5F8DAB5C-8622-45FA-8FE5-7A0087210A1C}.Release|Any CPU.ActiveCfg = Release|Any CPU
		{5F8DAB5C-8622-45FA-8FE5-7A0087210A1C}.Release|Any CPU.Build.0 = Release|Any CPU
		{2A6A3B77-F4FC-46F1-B6E7-461BBCB993A1}.Debug|Any CPU.ActiveCfg = Debug|Any CPU
		{2A6A3B77-F4FC-46F1-B6E7-461BBCB993A1}.Debug|Any CPU.Build.0 = Debug|Any CPU
		{2A6A3B77-F4FC-46F1-B6E7-461BBCB993A1}.Release|Any CPU.ActiveCfg = Release|Any CPU
		{2A6A3B77-F4FC-46F1-B6E7-461BBCB993A1}.Release|Any CPU.Build.0 = Release|Any CPU
	EndGlobalSection
	GlobalSection(SolutionProperties) = preSolution
		HideSolutionNode = FALSE
	EndGlobalSection
	GlobalSection(ExtensibilityGlobals) = postSolution
		SolutionGuid = {651F2DE1-C5F0-4EA2-BC88-38472EC7060D}
	EndGlobalSection
EndGlobal
